
Microsoft Visual Studio Solution File, Format Version 12.00
# Visual Studio Version 16
VisualStudioVersion = 16.0.29503.13
MinimumVisualStudioVersion = 10.0.40219.1
Project("{FAE04EC0-301F-11D3-BF4B-00C04F79EFBC}") = "EmployeePayrollSystem", "EmployeePayrollSystem\EmployeePayrollSystem.csproj", "{233C19C5-1C01-4461-9C5D-699C3EB6FE9F}"
EndProject
Global
	GlobalSection(SolutionConfigurationPlatforms) = preSolution
		Debug|Any CPU = Debug|Any CPU
		Release|Any CPU = Release|Any CPU
	EndGlobalSection
	GlobalSection(ProjectConfigurationPlatforms) = postSolution
		{233C19C5-1C01-4461-9C5D-699C3EB6FE9F}.Debug|Any CPU.ActiveCfg = Debug|Any CPU
		{233C19C5-1C01-4461-9C5D-699C3EB6FE9F}.Debug|Any CPU.Build.0 = Debug|Any CPU
		{233C19C5-1C01-4461-9C5D-699C3EB6FE9F}.Release|Any CPU.ActiveCfg = Release|Any CPU
		{233C19C5-1C01-4461-9C5D-699C3EB6FE9F}.Release|Any CPU.Build.0 = Release|Any CPU
	EndGlobalSection
	GlobalSection(SolutionProperties) = preSolution
		HideSolutionNode = FALSE
	EndGlobalSection
	GlobalSection(ExtensibilityGlobals) = postSolution
		SolutionGuid = {41B22B09-9B83-40BF-A18E-2B555AB1BB55}
	EndGlobalSection
EndGlobal
